
Microsoft Visual Studio Solution File, Format Version 12.00
# Visual Studio Version 16
VisualStudioVersion = 16.0.30204.135
MinimumVisualStudioVersion = 10.0.40219.1
Project("{FAE04EC0-301F-11D3-BF4B-00C04F79EFBC}") = "ConsoleApp1", "ConsoleApp1\ConsoleApp1.csproj", "{B46EF427-B923-4AC5-AA8D-8989D25A095F}"
EndProject
Global
	GlobalSection(SolutionConfigurationPlatforms) = preSolution
		Debug|Any CPU = Debug|Any CPU
		Release|Any CPU = Release|Any CPU
	EndGlobalSection
	GlobalSection(ProjectConfigurationPlatforms) = postSolution
		{B46EF427-B923-4AC5-AA8D-8989D25A095F}.Debug|Any CPU.ActiveCfg = Debug|Any CPU
		{B46EF427-B923-4AC5-AA8D-8989D25A095F}.Debug|Any CPU.Build.0 = Debug|Any CPU
		{B46EF427-B923-4AC5-AA8D-8989D25A095F}.Release|Any CPU.ActiveCfg = Release|Any CPU
		{B46EF427-B923-4AC5-AA8D-8989D25A095F}.Release|Any CPU.Build.0 = Release|Any CPU
	EndGlobalSection
	GlobalSection(SolutionProperties) = preSolution
		HideSolutionNode = FALSE
	EndGlobalSection
	GlobalSection(ExtensibilityGlobals) = postSolution
		SolutionGuid = {A50C20E6-5CEE-4359-83C1-A5993BCD229F}
	EndGlobalSection
EndGlobal
